
Microsoft Visual Studio Solution File, Format Version 12.00
# Visual Studio Version 16
VisualStudioVersion = 16.0.30621.155
MinimumVisualStudioVersion = 10.0.40219.1
Project("{FAE04EC0-301F-11D3-BF4B-00C04F79EFBC}") = "webapp0202", "webapp0202.csproj", "{5109AE5C-8295-403C-8F0C-72D50381665C}"
EndProject
Global
	GlobalSection(SolutionConfigurationPlatforms) = preSolution
		Debug|Any CPU = Debug|Any CPU
		Release|Any CPU = Release|Any CPU
	EndGlobalSection
	GlobalSection(ProjectConfigurationPlatforms) = postSolution
		{5109AE5C-8295-403C-8F0C-72D50381665C}.Debug|Any CPU.ActiveCfg = Debug|Any CPU
		{5109AE5C-8295-403C-8F0C-72D50381665C}.Debug|Any CPU.Build.0 = Debug|Any CPU
		{5109AE5C-8295-403C-8F0C-72D50381665C}.Release|Any CPU.ActiveCfg = Release|Any CPU
		{5109AE5C-8295-403C-8F0C-72D50381665C}.Release|Any CPU.Build.0 = Release|Any CPU
	EndGlobalSection
	GlobalSection(SolutionProperties) = preSolution
		HideSolutionNode = FALSE
	EndGlobalSection
	GlobalSection(ExtensibilityGlobals) = postSolution
		SolutionGuid = {D0766157-816C-4E0B-AC63-C80174A19626}
	EndGlobalSection
EndGlobal
